
Microsoft Visual Studio Solution File, Format Version 12.00
# Visual Studio Version 17
VisualStudioVersion = 17.4.33205.214
MinimumVisualStudioVersion = 10.0.40219.1
Project("{FAE04EC0-301F-11D3-BF4B-00C04F79EFBC}") = "AlamacenesUH", "AlamacenesUH\AlamacenesUH.csproj", "{B681F3A7-79B0-4A02-B487-2E588BA03DA9}"
EndProject
Global
	GlobalSection(SolutionConfigurationPlatforms) = preSolution
		Debug|Any CPU = Debug|Any CPU
		Release|Any CPU = Release|Any CPU
	EndGlobalSection
	GlobalSection(ProjectConfigurationPlatforms) = postSolution
		{B681F3A7-79B0-4A02-B487-2E588BA03DA9}.Debug|Any CPU.ActiveCfg = Debug|Any CPU
		{B681F3A7-79B0-4A02-B487-2E588BA03DA9}.Debug|Any CPU.Build.0 = Debug|Any CPU
		{B681F3A7-79B0-4A02-B487-2E588BA03DA9}.Release|Any CPU.ActiveCfg = Release|Any CPU
		{B681F3A7-79B0-4A02-B487-2E588BA03DA9}.Release|Any CPU.Build.0 = Release|Any CPU
	EndGlobalSection
	GlobalSection(SolutionProperties) = preSolution
		HideSolutionNode = FALSE
	EndGlobalSection
	GlobalSection(ExtensibilityGlobals) = postSolution
		SolutionGuid = {128F3A02-9A81-4392-9922-A3B99AA05ADE}
	EndGlobalSection
EndGlobal
